
Microsoft Visual Studio Solution File, Format Version 12.00
# Visual Studio Version 16
VisualStudioVersion = 16.0.29728.190
MinimumVisualStudioVersion = 10.0.40219.1
Project("{FAE04EC0-301F-11D3-BF4B-00C04F79EFBC}") = "WebApplication", "WebApplication\WebApplication.csproj", "{6CCC377C-A420-45EE-B006-0CB96E2E2533}"
EndProject
Global
	GlobalSection(SolutionConfigurationPlatforms) = preSolution
		Debug|Any CPU = Debug|Any CPU
		Release|Any CPU = Release|Any CPU
	EndGlobalSection
	GlobalSection(ProjectConfigurationPlatforms) = postSolution
		{6CCC377C-A420-45EE-B006-0CB96E2E2533}.Debug|Any CPU.ActiveCfg = Debug|Any CPU
		{6CCC377C-A420-45EE-B006-0CB96E2E2533}.Debug|Any CPU.Build.0 = Debug|Any CPU
		{6CCC377C-A420-45EE-B006-0CB96E2E2533}.Release|Any CPU.ActiveCfg = Release|Any CPU
		{6CCC377C-A420-45EE-B006-0CB96E2E2533}.Release|Any CPU.Build.0 = Release|Any CPU
	EndGlobalSection
	GlobalSection(SolutionProperties) = preSolution
		HideSolutionNode = FALSE
	EndGlobalSection
	GlobalSection(ExtensibilityGlobals) = postSolution
		SolutionGuid = {ED69BAFA-E544-4A50-B41F-15C274B5A925}
	EndGlobalSection
EndGlobal
